
Microsoft Visual Studio Solution File, Format Version 11.00
# Visual C++ Express 2010
Project("{8BC9CEB8-8B4A-11D0-8D11-00A0C91BC942}") = "实验一wyy", "实验一wyy\实验一wyy.vcxproj", "{375EC058-8B7C-4ABC-AEB2-E10FF826B8A3}"
EndProject
Global
	GlobalSection(SolutionConfigurationPlatforms) = preSolution
		Debug|Win32 = Debug|Win32
		Release|Win32 = Release|Win32
	EndGlobalSection
	GlobalSection(ProjectConfigurationPlatforms) = postSolution
		{375EC058-8B7C-4ABC-AEB2-E10FF826B8A3}.Debug|Win32.ActiveCfg = Debug|Win32
		{375EC058-8B7C-4ABC-AEB2-E10FF826B8A3}.Debug|Win32.Build.0 = Debug|Win32
		{375EC058-8B7C-4ABC-AEB2-E10FF826B8A3}.Release|Win32.ActiveCfg = Release|Win32
		{375EC058-8B7C-4ABC-AEB2-E10FF826B8A3}.Release|Win32.Build.0 = Release|Win32
	EndGlobalSection
	GlobalSection(SolutionProperties) = preSolution
		HideSolutionNode = FALSE
	EndGlobalSection
EndGlobal
